
Microsoft Visual Studio Solution File, Format Version 12.00
# Visual Studio 15
VisualStudioVersion = 15.0.26430.16
MinimumVisualStudioVersion = 10.0.40219.1
Project("{FAE04EC0-301F-11D3-BF4B-00C04F79EFBC}") = "Show date", "Show date\Show date.csproj", "{7E0A44CF-C050-44EC-B6A4-D07E7FDD6588}"
EndProject
Project("{FAE04EC0-301F-11D3-BF4B-00C04F79EFBC}") = "Find Doctors", "Find Doctors\Find Doctors.csproj", "{6E264569-3C83-41E9-825C-FCB4F35D758D}"
EndProject
Global
	GlobalSection(SolutionConfigurationPlatforms) = preSolution
		Debug|Any CPU = Debug|Any CPU
		Release|Any CPU = Release|Any CPU
	EndGlobalSection
	GlobalSection(ProjectConfigurationPlatforms) = postSolution
		{7E0A44CF-C050-44EC-B6A4-D07E7FDD6588}.Debug|Any CPU.ActiveCfg = Debug|Any CPU
		{7E0A44CF-C050-44EC-B6A4-D07E7FDD6588}.Debug|Any CPU.Build.0 = Debug|Any CPU
		{7E0A44CF-C050-44EC-B6A4-D07E7FDD6588}.Release|Any CPU.ActiveCfg = Release|Any CPU
		{7E0A44CF-C050-44EC-B6A4-D07E7FDD6588}.Release|Any CPU.Build.0 = Release|Any CPU
		{6E264569-3C83-41E9-825C-FCB4F35D758D}.Debug|Any CPU.ActiveCfg = Debug|Any CPU
		{6E264569-3C83-41E9-825C-FCB4F35D758D}.Debug|Any CPU.Build.0 = Debug|Any CPU
		{6E264569-3C83-41E9-825C-FCB4F35D758D}.Release|Any CPU.ActiveCfg = Release|Any CPU
		{6E264569-3C83-41E9-825C-FCB4F35D758D}.Release|Any CPU.Build.0 = Release|Any CPU
	EndGlobalSection
	GlobalSection(SolutionProperties) = preSolution
		HideSolutionNode = FALSE
	EndGlobalSection
EndGlobal
